
Microsoft Visual Studio Solution File, Format Version 12.00
# Visual Studio 2013
VisualStudioVersion = 12.0.21005.1
MinimumVisualStudioVersion = 10.0.40219.1
Project("{8BC9CEB8-8B4A-11D0-8D11-00A0C91BC942}") = "MFC16_Controllers_DataSimulatorEx", "MFC16_Controllers_DataSimulatorEx.vcxproj", "{655D7236-3B6A-44E8-8C57-9847CC09C483}"
EndProject
Global
	GlobalSection(SolutionConfigurationPlatforms) = preSolution
		Debug|Win32 = Debug|Win32
		Release|Win32 = Release|Win32
	EndGlobalSection
	GlobalSection(ProjectConfigurationPlatforms) = postSolution
		{655D7236-3B6A-44E8-8C57-9847CC09C483}.Debug|Win32.ActiveCfg = Debug|Win32
		{655D7236-3B6A-44E8-8C57-9847CC09C483}.Debug|Win32.Build.0 = Debug|Win32
		{655D7236-3B6A-44E8-8C57-9847CC09C483}.Release|Win32.ActiveCfg = Release|Win32
		{655D7236-3B6A-44E8-8C57-9847CC09C483}.Release|Win32.Build.0 = Release|Win32
	EndGlobalSection
	GlobalSection(SolutionProperties) = preSolution
		HideSolutionNode = FALSE
	EndGlobalSection
EndGlobal
