<?xml version="1.0" encoding="utf-8"?>
<Project ToolsVersion="4.0" xmlns="http://schemas.microsoft.com/developer/msbuild/2003">
  <ItemGroup>
    <Filter Include="App">
      <UniqueIdentifier>{1e9199f2-3708-4e39-be9b-f998398b2c4f}</UniqueIdentifier>
    </Filter>
    <Filter Include="App\Header Files">
      <UniqueIdentifier>{93995380-89BD-4b04-88EB-625FBE52EBFB}</UniqueIdentifier>
      <Extensions>h;hh;hpp;hxx;hm;inl;inc;xsd</Extensions>
    </Filter>
    <Filter Include="App\Resource Files">
      <UniqueIdentifier>{67DA6AB6-F800-4c08-8B7A-83BB121AAD01}</UniqueIdentifier>
      <Extensions>rc;ico;cur;bmp;dlg;rc2;rct;bin;rgs;gif;jpg;jpeg;jpe;resx;tiff;tif;png;wav;mfcribbon-ms</Extensions>
    </Filter>
    <Filter Include="App\Source Files">
      <UniqueIdentifier>{4FC737F1-C7A5-4376-A066-2A32D752A2FF}</UniqueIdentifier>
      <Extensions>cpp;c;cc;cxx;def;odl;idl;hpj;bat;asm;asmx</Extensions>
    </Filter>
    <Filter Include="GrLib">
      <UniqueIdentifier>{99e74db3-24f9-4038-ae75-7b14293446a9}</UniqueIdentifier>
    </Filter>
    <Filter Include="GrLib\Common">
      <UniqueIdentifier>{2ea1db35-1c11-45ad-86d9-40214e97519e}</UniqueIdentifier>
    </Filter>
    <Filter Include="GrLib\Common\Header">
      <UniqueIdentifier>{46466e6d-4182-4aac-bbae-db0edc01fc1f}</UniqueIdentifier>
    </Filter>
    <Filter Include="GrLib\Common\Source">
      <UniqueIdentifier>{a8783df5-0a86-4af2-bf4d-e1d3f74fe5f7}</UniqueIdentifier>
    </Filter>
  </ItemGroup>
  <ItemGroup>
    <Text Include="ReadMe.txt" />
  </ItemGroup>
  <ItemGroup>
    <ClInclude Include="MkUpdtMng.h">
      <Filter>App\Header Files</Filter>
    </ClInclude>
    <ClInclude Include="MkUpdtMngDlg.h">
      <Filter>App\Header Files</Filter>
    </ClInclude>
    <ClInclude Include="stdafx.h">
      <Filter>App\Header Files</Filter>
    </ClInclude>
    <ClInclude Include="targetver.h">
      <Filter>App\Header Files</Filter>
    </ClInclude>
    <ClInclude Include="Resource.h">
      <Filter>App\Header Files</Filter>
    </ClInclude>
    <ClInclude Include="..\..\GrInc\GrAdpcm.h">
      <Filter>GrLib\Common\Header</Filter>
    </ClInclude>
    <ClInclude Include="..\..\GrInc\GrAES128.h">
      <Filter>GrLib\Common\Header</Filter>
    </ClInclude>
    <ClInclude Include="..\..\GrInc\GrArchiv.h">
      <Filter>GrLib\Common\Header</Filter>
    </ClInclude>
    <ClInclude Include="..\..\GrInc\GrAviTool.h">
      <Filter>GrLib\Common\Header</Filter>
    </ClInclude>
    <ClInclude Include="..\..\GrInc\GrBmpTool.h">
      <Filter>GrLib\Common\Header</Filter>
    </ClInclude>
    <ClInclude Include="..\..\GrInc\GrBufTool.h">
      <Filter>GrLib\Common\Header</Filter>
    </ClInclude>
    <ClInclude Include="..\..\GrInc\GrCrc32.h">
      <Filter>GrLib\Common\Header</Filter>
    </ClInclude>
    <ClInclude Include="..\..\GrInc\GrDebug.h">
      <Filter>GrLib\Common\Header</Filter>
    </ClInclude>
    <ClInclude Include="..\..\GrInc\GrDibCvt.h">
      <Filter>GrLib\Common\Header</Filter>
    </ClInclude>
    <ClInclude Include="..\..\GrInc\GrDrawTool.h">
      <Filter>GrLib\Common\Header</Filter>
    </ClInclude>
    <ClInclude Include="..\..\GrInc\GrDumyTool.h">
      <Filter>GrLib\Common\Header</Filter>
    </ClInclude>
    <ClInclude Include="..\..\GrInc\GrError.h">
      <Filter>GrLib\Common\Header</Filter>
    </ClInclude>
    <ClInclude Include="..\..\GrInc\GrFileCtrl.h">
      <Filter>GrLib\Common\Header</Filter>
    </ClInclude>
    <ClInclude Include="..\..\GrInc\GrFileTool.h">
      <Filter>GrLib\Common\Header</Filter>
    </ClInclude>
    <ClInclude Include="..\..\GrInc\GrGdibBase.h">
      <Filter>GrLib\Common\Header</Filter>
    </ClInclude>
    <ClInclude Include="..\..\GrInc\GrGdibBb2.h">
      <Filter>GrLib\Common\Header</Filter>
    </ClInclude>
    <ClInclude Include="..\..\GrInc\GrGdibByt.h">
      <Filter>GrLib\Common\Header</Filter>
    </ClInclude>
    <ClInclude Include="..\..\GrInc\GrGdibObj.h">
      <Filter>GrLib\Common\Header</Filter>
    </ClInclude>
    <ClInclude Include="..\..\GrInc\GrGdibPk4.h">
      <Filter>GrLib\Common\Header</Filter>
    </ClInclude>
    <ClInclude Include="..\..\GrInc\GrGdibPk4a.h">
      <Filter>GrLib\Common\Header</Filter>
    </ClInclude>
    <ClInclude Include="..\..\GrInc\GrGdibPlt8.h">
      <Filter>GrLib\Common\Header</Filter>
    </ClInclude>
    <ClInclude Include="..\..\GrInc\GrGdibRgb32.h">
      <Filter>GrLib\Common\Header</Filter>
    </ClInclude>
    <ClInclude Include="..\..\GrInc\GrGdibTool.h">
      <Filter>GrLib\Common\Header</Filter>
    </ClInclude>
    <ClInclude Include="..\..\GrInc\GrGdibUyvy.h">
      <Filter>GrLib\Common\Header</Filter>
    </ClInclude>
    <ClInclude Include="..\..\GrInc\GrI2c.h">
      <Filter>GrLib\Common\Header</Filter>
    </ClInclude>
    <ClInclude Include="..\..\GrInc\GrImgBase.h">
      <Filter>GrLib\Common\Header</Filter>
    </ClInclude>
    <ClInclude Include="..\..\GrInc\GrImgProc.h">
      <Filter>GrLib\Common\Header</Filter>
    </ClInclude>
    <ClInclude Include="..\..\GrInc\GrLayerData.h">
      <Filter>GrLib\Common\Header</Filter>
    </ClInclude>
    <ClInclude Include="..\..\GrInc\GrLayerFile.h">
      <Filter>GrLib\Common\Header</Filter>
    </ClInclude>
    <ClInclude Include="..\..\GrInc\GrLnxApp.h">
      <Filter>GrLib\Common\Header</Filter>
    </ClInclude>
    <ClInclude Include="..\..\GrInc\GrMath.h">
      <Filter>GrLib\Common\Header</Filter>
    </ClInclude>
    <ClInclude Include="..\..\GrInc\GrMtdTool.h">
      <Filter>GrLib\Common\Header</Filter>
    </ClInclude>
    <ClInclude Include="..\..\GrInc\GrNtpCli.h">
      <Filter>GrLib\Common\Header</Filter>
    </ClInclude>
    <ClInclude Include="..\..\GrInc\GrProcess.h">
      <Filter>GrLib\Common\Header</Filter>
    </ClInclude>
    <ClInclude Include="..\..\GrInc\GrSockHd.h">
      <Filter>GrLib\Common\Header</Filter>
    </ClInclude>
    <ClInclude Include="..\..\GrInc\GrSockV2.h">
      <Filter>GrLib\Common\Header</Filter>
    </ClInclude>
    <ClInclude Include="..\..\GrInc\GrStrTool.h">
      <Filter>GrLib\Common\Header</Filter>
    </ClInclude>
    <ClInclude Include="..\..\GrInc\GrTaskBase.h">
      <Filter>GrLib\Common\Header</Filter>
    </ClInclude>
    <ClInclude Include="..\..\GrInc\GrTaskCli.h">
      <Filter>GrLib\Common\Header</Filter>
    </ClInclude>
    <ClInclude Include="..\..\GrInc\GrTaskSvr.h">
      <Filter>GrLib\Common\Header</Filter>
    </ClInclude>
    <ClInclude Include="..\..\GrInc\GrTimeTool.h">
      <Filter>GrLib\Common\Header</Filter>
    </ClInclude>
    <ClInclude Include="..\..\GrInc\GrTypeBase.h">
      <Filter>GrLib\Common\Header</Filter>
    </ClInclude>
    <ClInclude Include="..\..\GrInc\GrUart.h">
      <Filter>GrLib\Common\Header</Filter>
    </ClInclude>
    <ClInclude Include="..\..\GrInc\GrVerFile.h">
      <Filter>GrLib\Common\Header</Filter>
    </ClInclude>
    <ClInclude Include="FirmUpdt.h">
      <Filter>App\Header Files</Filter>
    </ClInclude>
    <ClInclude Include="DlgUpdtAdd.h">
      <Filter>App\Header Files</Filter>
    </ClInclude>
    <ClInclude Include="DlgAddEntity.h">
      <Filter>App\Header Files</Filter>
    </ClInclude>
  </ItemGroup>
  <ItemGroup>
    <ClCompile Include="MkUpdtMng.cpp">
      <Filter>App\Source Files</Filter>
    </ClCompile>
    <ClCompile Include="MkUpdtMngDlg.cpp">
      <Filter>App\Source Files</Filter>
    </ClCompile>
    <ClCompile Include="stdafx.cpp">
      <Filter>App\Source Files</Filter>
    </ClCompile>
    <ClCompile Include="..\..\GrLib\GrAdpcm.cpp">
      <Filter>GrLib\Common\Source</Filter>
    </ClCompile>
    <ClCompile Include="..\..\GrLib\GrAES128.cpp">
      <Filter>GrLib\Common\Source</Filter>
    </ClCompile>
    <ClCompile Include="..\..\GrLib\GrArchiv.cpp">
      <Filter>GrLib\Common\Source</Filter>
    </ClCompile>
    <ClCompile Include="..\..\GrLib\GrAviTool.cpp">
      <Filter>GrLib\Common\Source</Filter>
    </ClCompile>
    <ClCompile Include="..\..\GrLib\GrBmpTool.cpp">
      <Filter>GrLib\Common\Source</Filter>
    </ClCompile>
    <ClCompile Include="..\..\GrLib\GrBufTool.cpp">
      <Filter>GrLib\Common\Source</Filter>
    </ClCompile>
    <ClCompile Include="..\..\GrLib\GrCrc32.cpp">
      <Filter>GrLib\Common\Source</Filter>
    </ClCompile>
    <ClCompile Include="..\..\GrLib\GrDebug.cpp">
      <Filter>GrLib\Common\Source</Filter>
    </ClCompile>
    <ClCompile Include="..\..\GrLib\GrDibCvt.cpp">
      <Filter>GrLib\Common\Source</Filter>
    </ClCompile>
    <ClCompile Include="..\..\GrLib\GrDrawTool.cpp">
      <Filter>GrLib\Common\Source</Filter>
    </ClCompile>
    <ClCompile Include="..\..\GrLib\GrDumyTool.cpp">
      <Filter>GrLib\Common\Source</Filter>
    </ClCompile>
    <ClCompile Include="..\..\GrLib\GrFileCtrl.cpp">
      <Filter>GrLib\Common\Source</Filter>
    </ClCompile>
    <ClCompile Include="..\..\GrLib\GrFileTool.cpp">
      <Filter>GrLib\Common\Source</Filter>
    </ClCompile>
    <ClCompile Include="..\..\GrLib\GrGdibBase.cpp">
      <Filter>GrLib\Common\Source</Filter>
    </ClCompile>
    <ClCompile Include="..\..\GrLib\GrGdibBb2.cpp">
      <Filter>GrLib\Common\Source</Filter>
    </ClCompile>
    <ClCompile Include="..\..\GrLib\GrGdibByt.cpp">
      <Filter>GrLib\Common\Source</Filter>
    </ClCompile>
    <ClCompile Include="..\..\GrLib\GrGdibObj.cpp">
      <Filter>GrLib\Common\Source</Filter>
    </ClCompile>
    <ClCompile Include="..\..\GrLib\GrGdibPk4.cpp">
      <Filter>GrLib\Common\Source</Filter>
    </ClCompile>
    <ClCompile Include="..\..\GrLib\GrGdibPk4a.cpp">
      <Filter>GrLib\Common\Source</Filter>
    </ClCompile>
    <ClCompile Include="..\..\GrLib\GrGdibPlt8.cpp">
      <Filter>GrLib\Common\Source</Filter>
    </ClCompile>
    <ClCompile Include="..\..\GrLib\GrGdibRgb32.cpp">
      <Filter>GrLib\Common\Source</Filter>
    </ClCompile>
    <ClCompile Include="..\..\GrLib\GrGdibTool.cpp">
      <Filter>GrLib\Common\Source</Filter>
    </ClCompile>
    <ClCompile Include="..\..\GrLib\GrGdibUyvy.cpp">
      <Filter>GrLib\Common\Source</Filter>
    </ClCompile>
    <ClCompile Include="..\..\GrLib\GrI2c.cpp">
      <Filter>GrLib\Common\Source</Filter>
    </ClCompile>
    <ClCompile Include="..\..\GrLib\GrImgProc.cpp">
      <Filter>GrLib\Common\Source</Filter>
    </ClCompile>
    <ClCompile Include="..\..\GrLib\GrLayerData.cpp">
      <Filter>GrLib\Common\Source</Filter>
    </ClCompile>
    <ClCompile Include="..\..\GrLib\GrLayerFile.cpp">
      <Filter>GrLib\Common\Source</Filter>
    </ClCompile>
    <ClCompile Include="..\..\GrLib\GrMath.cpp">
      <Filter>GrLib\Common\Source</Filter>
    </ClCompile>
    <ClCompile Include="..\..\GrLib\GrMtdTool.cpp">
      <Filter>GrLib\Common\Source</Filter>
    </ClCompile>
    <ClCompile Include="..\..\GrLib\GrProcess.cpp">
      <Filter>GrLib\Common\Source</Filter>
    </ClCompile>
    <ClCompile Include="..\..\GrLib\GrSockV2.cpp">
      <Filter>GrLib\Common\Source</Filter>
    </ClCompile>
    <ClCompile Include="..\..\GrLib\GrStrTool.cpp">
      <Filter>GrLib\Common\Source</Filter>
    </ClCompile>
    <ClCompile Include="..\..\GrLib\GrTaskCli.cpp">
      <Filter>GrLib\Common\Source</Filter>
    </ClCompile>
    <ClCompile Include="..\..\GrLib\GrTaskSvr.cpp">
      <Filter>GrLib\Common\Source</Filter>
    </ClCompile>
    <ClCompile Include="..\..\GrLib\GrTimeTool.cpp">
      <Filter>GrLib\Common\Source</Filter>
    </ClCompile>
    <ClCompile Include="..\..\GrLib\GrUart.cpp">
      <Filter>GrLib\Common\Source</Filter>
    </ClCompile>
    <ClCompile Include="..\..\GrLib\GrVerFile.cpp">
      <Filter>GrLib\Common\Source</Filter>
    </ClCompile>
    <ClCompile Include="FirmUpdt.cpp">
      <Filter>App\Source Files</Filter>
    </ClCompile>
    <ClCompile Include="DlgUpdtAdd.cpp">
      <Filter>App\Source Files</Filter>
    </ClCompile>
    <ClCompile Include="DlgAddEntity.cpp">
      <Filter>App\Source Files</Filter>
    </ClCompile>
    <ClCompile Include="..\..\GrLib\GrTaskBase.cpp">
      <Filter>GrLib\Common\Source</Filter>
    </ClCompile>
  </ItemGroup>
  <ItemGroup>
    <ResourceCompile Include="MkUpdtMng.rc">
      <Filter>App\Resource Files</Filter>
    </ResourceCompile>
  </ItemGroup>
  <ItemGroup>
    <None Include="res\MkUpdtMng.rc2">
      <Filter>App\Resource Files</Filter>
    </None>
  </ItemGroup>
  <ItemGroup>
    <Image Include="res\MkUpdtMng.ico">
      <Filter>App\Resource Files</Filter>
    </Image>
  </ItemGroup>
</Project>